// !$*UTF8*$!
{
	archiveVersion = 1;
	classes = {
	};
	objectVersion = 50;
	objects = {

/* Begin PBXBuildFile section */
		1CE677D9256B67FD001F2129 /* AppDelegate.m in Sources */ = {isa = PBXBuildFile; fileRef = 1CE677D8256B67FD001F2129 /* AppDelegate.m */; };
		1CE677DF256B67FD001F2129 /* ViewController.m in Sources */ = {isa = PBXBuildFile; fileRef = 1CE677DE256B67FD001F2129 /* ViewController.m */; };
		1CE677E2256B67FD001F2129 /* Main.storyboard in Resources */ = {isa = PBXBuildFile; fileRef = 1CE677E0256B67FD001F2129 /* Main.storyboard */; };
		1CE677E4256B67FE001F2129 /* Assets.xcassets in Resources */ = {isa = PBXBuildFile; fileRef = 1CE677E3256B67FE001F2129 /* Assets.xcassets */; };
		1CE677E7256B67FE001F2129 /* LaunchScreen.storyboard in Resources */ = {isa = PBXBuildFile; fileRef = 1CE677E5256B67FE001F2129 /* LaunchScreen.storyboard */; };
		1CE677EA256B67FE001F2129 /* main.m in Sources */ = {isa = PBXBuildFile; fileRef = 1CE677E9256B67FE001F2129 /* main.m */; };
		1CE677FB256BB7FD001F2129 /* SdkViewController.m in Sources */ = {isa = PBXBuildFile; fileRef = 1CE677F9256BB7FD001F2129 /* SdkViewController.m */; };
		1CE677FC256BB7FD001F2129 /* SdkViewController.xib in Resources */ = {isa = PBXBuildFile; fileRef = 1CE677FA256BB7FD001F2129 /* SdkViewController.xib */; };
		2177CAC008EB392530CAAAE1 /* libPods-Test_socket.a in Frameworks */ = {isa = PBXBuildFile; fileRef = A714AFAB5F5F9267BFC29C1E /* libPods-Test_socket.a */; };
/* End PBXBuildFile section */

/* Begin PBXFileReference section */
		1CE677D4256B67FD001F2129 /* Test_socket.app */ = {isa = PBXFileReference; explicitFileType = wrapper.application; includeInIndex = 0; path = Test_socket.app; sourceTree = BUILT_PRODUCTS_DIR; };
		1CE677D7256B67FD001F2129 /* AppDelegate.h */ = {isa = PBXFileReference; lastKnownFileType = sourcecode.c.h; path = AppDelegate.h; sourceTree = "<group>"; };
		1CE677D8256B67FD001F2129 /* AppDelegate.m */ = {isa = PBXFileReference; lastKnownFileType = sourcecode.c.objc; path = AppDelegate.m; sourceTree = "<group>"; };
		1CE677DD256B67FD001F2129 /* ViewController.h */ = {isa = PBXFileReference; lastKnownFileType = sourcecode.c.h; path = ViewController.h; sourceTree = "<group>"; };
		1CE677DE256B67FD001F2129 /* ViewController.m */ = {isa = PBXFileReference; lastKnownFileType = sourcecode.c.objc; path = ViewController.m; sourceTree = "<group>"; };
		1CE677E1256B67FD001F2129 /* Base */ = {isa = PBXFileReference; lastKnownFileType = file.storyboard; name = Base; path = Base.lproj/Main.storyboard; sourceTree = "<group>"; };
		1CE677E3256B67FE001F2129 /* Assets.xcassets */ = {isa = PBXFileReference; lastKnownFileType = folder.assetcatalog; path = Assets.xcassets; sourceTree = "<group>"; };
		1CE677E6256B67FE001F2129 /* Base */ = {isa = PBXFileReference; lastKnownFileType = file.storyboard; name = Base; path = Base.lproj/LaunchScreen.storyboard; sourceTree = "<group>"; };
		1CE677E8256B67FE001F2129 /* Info.plist */ = {isa = PBXFileReference; lastKnownFileType = text.plist.xml; path = Info.plist; sourceTree = "<group>"; };
		1CE677E9256B67FE001F2129 /* main.m */ = {isa = PBXFileReference; lastKnownFileType = sourcecode.c.objc; path = main.m; sourceTree = "<group>"; };
		1CE677F8256BB7FD001F2129 /* SdkViewController.h */ = {isa = PBXFileReference; lastKnownFileType = sourcecode.c.h; path = SdkViewController.h; sourceTree = "<group>"; };
		1CE677F9256BB7FD001F2129 /* SdkViewController.m */ = {isa = PBXFileReference; lastKnownFileType = sourcecode.c.objc; path = SdkViewController.m; sourceTree = "<group>"; };
		1CE677FA256BB7FD001F2129 /* SdkViewController.xib */ = {isa = PBXFileReference; lastKnownFileType = file.xib; path = SdkViewController.xib; sourceTree = "<group>"; };
		8D1D487BF77BC47B8A340BB5 /* Pods-Test_socket.release.xcconfig */ = {isa = PBXFileReference; includeInIndex = 1; lastKnownFileType = text.xcconfig; name = "Pods-Test_socket.release.xcconfig"; path = "Target Support Files/Pods-Test_socket/Pods-Test_socket.release.xcconfig"; sourceTree = "<group>"; };
		A714AFAB5F5F9267BFC29C1E /* libPods-Test_socket.a */ = {isa = PBXFileReference; explicitFileType = archive.ar; includeInIndex = 0; path = "libPods-Test_socket.a"; sourceTree = BUILT_PRODUCTS_DIR; };
		D5149BB33773A152215D063A /* Pods-Test_socket.debug.xcconfig */ = {isa = PBXFileReference; includeInIndex = 1; lastKnownFileType = text.xcconfig; name = "Pods-Test_socket.debug.xcconfig"; path = "Target Support Files/Pods-Test_socket/Pods-Test_socket.debug.xcconfig"; sourceTree = "<group>"; };
/* End PBXFileReference section */

/* Begin PBXFrameworksBuildPhase section */
		1CE677D1256B67FD001F2129 /* Frameworks */ = {
			isa = PBXFrameworksBuildPhase;
			buildActionMask = 2147483647;
			files = (
				2177CAC008EB392530CAAAE1 /* libPods-Test_socket.a in Frameworks */,
			);
			runOnlyForDeploymentPostprocessing = 0;
		};
/* End PBXFrameworksBuildPhase section */

/* Begin PBXGroup section */
		1CE677CB256B67FD001F2129 = {
			isa = PBXGroup;
			children = (
				1CE677D6256B67FD001F2129 /* Test_socket */,
				1CE677D5256B67FD001F2129 /* Products */,
				BCEDE0DACFBA3F0E2295E268 /* Pods */,
				8925E45E4271B080EB6B3268 /* Frameworks */,
			);
			sourceTree = "<group>";
		};
		1CE677D5256B67FD001F2129 /* Products */ = {
			isa = PBXGroup;
			children = (
				1CE677D4256B67FD001F2129 /* Test_socket.app */,
			);
			name = Products;
			sourceTree = "<group>";
		};
		1CE677D6256B67FD001F2129 /* Test_socket */ = {
			isa = PBXGroup;
			children = (
				1CE677D7256B67FD001F2129 /* AppDelegate.h */,
				1CE677D8256B67FD001F2129 /* AppDelegate.m */,
				1CE677DD256B67FD001F2129 /* ViewController.h */,
				1CE677DE256B67FD001F2129 /* ViewController.m */,
				1CE677F8256BB7FD001F2129 /* SdkViewController.h */,
				1CE677F9256BB7FD001F2129 /* SdkViewController.m */,
				1CE677FA256BB7FD001F2129 /* SdkViewController.xib */,
				1CE677E0256B67FD001F2129 /* Main.storyboard */,
				1CE677E3256B67FE001F2129 /* Assets.xcassets */,
				1CE677E5256B67FE001F2129 /* LaunchScreen.storyboard */,
				1CE677E8256B67FE001F2129 /* Info.plist */,
				1CE677E9256B67FE001F2129 /* main.m */,
			);
			path = Test_socket;
			sourceTree = "<group>";
		};
		8925E45E4271B080EB6B3268 /* Frameworks */ = {
			isa = PBXGroup;
			children = (
				A714AFAB5F5F9267BFC29C1E /* libPods-Test_socket.a */,
			);
			name = Frameworks;
			sourceTree = "<group>";
		};
		BCEDE0DACFBA3F0E2295E268 /* Pods */ = {
			isa = PBXGroup;
			children = (
				D5149BB33773A152215D063A /* Pods-Test_socket.debug.xcconfig */,
				8D1D487BF77BC47B8A340BB5 /* Pods-Test_socket.release.xcconfig */,
			);
			name = Pods;
			path = Pods;
			sourceTree = "<group>";
		};
/* End PBXGroup section */

/* Begin PBXNativeTarget section */
		1CE677D3256B67FD001F2129 /* Test_socket */ = {
			isa = PBXNativeTarget;
			buildConfigurationList = 1CE677ED256B67FE001F2129 /* Build configuration list for PBXNativeTarget "Test_socket" */;
			buildPhases = (
				0A720ECFE5ACE61514A532C2 /* [CP] Check Pods Manifest.lock */,
				1CE677D0256B67FD001F2129 /* Sources */,
				1CE677D1256B67FD001F2129 /* Frameworks */,
				1CE677D2256B67FD001F2129 /* Resources */,
			);
			buildRules = (
			);
			dependencies = (
			);
			name = Test_socket;
			productName = Test_socket;
			productReference = 1CE677D4256B67FD001F2129 /* Test_socket.app */;
			productType = "com.apple.product-type.application";
		};
/* End PBXNativeTarget section */

/* Begin PBXProject section */
		1CE677CC256B67FD001F2129 /* Project object */ = {
			isa = PBXProject;
			attributes = {
				LastUpgradeCheck = 1220;
				TargetAttributes = {
					1CE677D3256B67FD001F2129 = {
						CreatedOnToolsVersion = 12.2;
					};
				};
			};
			buildConfigurationList = 1CE677CF256B67FD001F2129 /* Build configuration list for PBXProject "Test_socket" */;
			compatibilityVersion = "Xcode 9.3";
			developmentRegion = en;
			hasScannedForEncodings = 0;
			knownRegions = (
				en,
				Base,
			);
			mainGroup = 1CE677CB256B67FD001F2129;
			productRefGroup = 1CE677D5256B67FD001F2129 /* Products */;
			projectDirPath = "";
			projectRoot = "";
			targets = (
				1CE677D3256B67FD001F2129 /* Test_socket */,
			);
		};
/* End PBXProject section */

/* Begin PBXResourcesBuildPhase section */
		1CE677D2256B67FD001F2129 /* Resources */ = {
			isa = PBXResourcesBuildPhase;
			buildActionMask = 2147483647;
			files = (
				1CE677E7256B67FE001F2129 /* LaunchScreen.storyboard in Resources */,
				1CE677E4256B67FE001F2129 /* Assets.xcassets in Resources */,
				1CE677E2256B67FD001F2129 /* Main.storyboard in Resources */,
				1CE677FC256BB7FD001F2129 /* SdkViewController.xib in Resources */,
			);
			runOnlyForDeploymentPostprocessing = 0;
		};
/* End PBXResourcesBuildPhase section */

/* Begin PBXShellScriptBuildPhase section */
		0A720ECFE5ACE61514A532C2 /* [CP] Check Pods Manifest.lock */ = {
			isa = PBXShellScriptBuildPhase;
			buildActionMask = 2147483647;
			files = (
			);
			inputFileListPaths = (
			);
			inputPaths = (
				"${PODS_PODFILE_DIR_PATH}/Podfile.lock",
				"${PODS_ROOT}/Manifest.lock",
			);
			name = "[CP] Check Pods Manifest.lock";
			outputFileListPaths = (
			);
			outputPaths = (
				"$(DERIVED_FILE_DIR)/Pods-Test_socket-checkManifestLockResult.txt",
			);
			runOnlyForDeploymentPostprocessing = 0;
			shellPath = /bin/sh;
			shellScript = "diff \"${PODS_PODFILE_DIR_PATH}/Podfile.lock\" \"${PODS_ROOT}/Manifest.lock\" > /dev/null\nif [ $? != 0 ] ; then\n    # print error to STDERR\n    echo \"error: The sandbox is not in sync with the Podfile.lock. Run 'pod install' or update your CocoaPods installation.\" >&2\n    exit 1\nfi\n# This output is used by Xcode 'outputs' to avoid re-running this script phase.\necho \"SUCCESS\" > \"${SCRIPT_OUTPUT_FILE_0}\"\n";
			showEnvVarsInLog = 0;
		};
/* End PBXShellScriptBuildPhase section */

/* Begin PBXSourcesBuildPhase section */
		1CE677D0256B67FD001F2129 /* Sources */ = {
			isa = PBXSourcesBuildPhase;
			buildActionMask = 2147483647;
			files = (
				1CE677DF256B67FD001F2129 /* ViewController.m in Sources */,
				1CE677D9256B67FD001F2129 /* AppDelegate.m in Sources */,
				1CE677EA256B67FE001F2129 /* main.m in Sources */,
				1CE677FB256BB7FD001F2129 /* SdkViewController.m in Sources */,
			);
			runOnlyForDeploymentPostprocessing = 0;
		};
/* End PBXSourcesBuildPhase section */

/* Begin PBXVariantGroup section */
		1CE677E0256B67FD001F2129 /* Main.storyboard */ = {
			isa = PBXVariantGroup;
			children = (
				1CE677E1256B67FD001F2129 /* Base */,
			);
			name = Main.storyboard;
			sourceTree = "<group>";
		};
		1CE677E5256B67FE001F2129 /* LaunchScreen.storyboard */ = {
			isa = PBXVariantGroup;
			children = (
				1CE677E6256B67FE001F2129 /* Base */,
			);
			name = LaunchScreen.storyboard;
			sourceTree = "<group>";
		};
/* End PBXVariantGroup section */

/* Begin XCBuildConfiguration section */
		1CE677EB256B67FE001F2129 /* Debug */ = {
			isa = XCBuildConfiguration;
			buildSettings = {
				ALWAYS_SEARCH_USER_PATHS = NO;
				CLANG_ANALYZER_NONNULL = YES;
				CLANG_ANALYZER_NUMBER_OBJECT_CONVERSION = YES_AGGRESSIVE;
				CLANG_CXX_LANGUAGE_STANDARD = "gnu++14";
				CLANG_CXX_LIBRARY = "libc++";
				CLANG_ENABLE_MODULES = YES;
				CLANG_ENABLE_OBJC_ARC = YES;
				CLANG_ENABLE_OBJC_WEAK = YES;
				CLANG_WARN_BLOCK_CAPTURE_AUTORELEASING = YES;
				CLANG_WARN_BOOL_CONVERSION = YES;
				CLANG_WARN_COMMA = YES;
				CLANG_WARN_CONSTANT_CONVERSION = YES;
				CLANG_WARN_DEPRECATED_OBJC_IMPLEMENTATIONS = YES;
				CLANG_WARN_DIRECT_OBJC_ISA_USAGE = YES_ERROR;
				CLANG_WARN_DOCUMENTATION_COMMENTS = YES;
				CLANG_WARN_EMPTY_BODY = YES;
				CLANG_WARN_ENUM_CONVERSION = YES;
				CLANG_WARN_INFINITE_RECURSION = YES;
				CLANG_WARN_INT_CONVERSION = YES;
				CLANG_WARN_NON_LITERAL_NULL_CONVERSION = YES;
				CLANG_WARN_OBJC_IMPLICIT_RETAIN_SELF = YES;
				CLANG_WARN_OBJC_LITERAL_CONVERSION = YES;
				CLANG_WARN_OBJC_ROOT_CLASS = YES_ERROR;
				CLANG_WARN_QUOTED_INCLUDE_IN_FRAMEWORK_HEADER = YES;
				CLANG_WARN_RANGE_LOOP_ANALYSIS = YES;
				CLANG_WARN_STRICT_PROTOTYPES = YES;
				CLANG_WARN_SUSPICIOUS_MOVE = YES;
				CLANG_WARN_UNGUARDED_AVAILABILITY = YES_AGGRESSIVE;
				CLANG_WARN_UNREACHABLE_CODE = YES;
				CLANG_WARN__DUPLICATE_METHOD_MATCH = YES;
				COPY_PHASE_STRIP = NO;
				DEBUG_INFORMATION_FORMAT = dwarf;
				ENABLE_STRICT_OBJC_MSGSEND = YES;
				ENABLE_TESTABILITY = YES;
				GCC_C_LANGUAGE_STANDARD = gnu11;
				GCC_DYNAMIC_NO_PIC = NO;
				GCC_NO_COMMON_BLOCKS = YES;
				GCC_OPTIMIZATION_LEVEL = 0;
				GCC_PREPROCESSOR_DEFINITIONS = (
					"DEBUG=1",
					"$(inherited)",
				);
				GCC_WARN_64_TO_32_BIT_CONVERSION = YES;
				GCC_WARN_ABOUT_RETURN_TYPE = YES_ERROR;
				GCC_WARN_UNDECLARED_SELECTOR = YES;
				GCC_WARN_UNINITIALIZED_AUTOS = YES_AGGRESSIVE;
				GCC_WARN_UNUSED_FUNCTION = YES;
				GCC_WARN_UNUSED_VARIABLE = YES;
				IPHONEOS_DEPLOYMENT_TARGET = 14.2;
				MTL_ENABLE_DEBUG_INFO = INCLUDE_SOURCE;
				MTL_FAST_MATH = YES;
				ONLY_ACTIVE_ARCH = YES;
				SDKROOT = iphoneos;
			};
			name = Debug;
		};
		1CE677EC256B67FE001F2129 /* Release */ = {
			isa = XCBuildConfiguration;
			buildSettings = {
				ALWAYS_SEARCH_USER_PATHS = NO;
				CLANG_ANALYZER_NONNULL = YES;
				CLANG_ANALYZER_NUMBER_OBJECT_CONVERSION = YES_AGGRESSIVE;
				CLANG_CXX_LANGUAGE_STANDARD = "gnu++14";
				CLANG_CXX_LIBRARY = "libc++";
				CLANG_ENABLE_MODULES = YES;
				CLANG_ENABLE_OBJC_ARC = YES;
				CLANG_ENABLE_OBJC_WEAK = YES;
				CLANG_WARN_BLOCK_CAPTURE_AUTORELEASING = YES;
				CLANG_WARN_BOOL_CONVERSION = YES;
				CLANG_WARN_COMMA = YES;
				CLANG_WARN_CONSTANT_CONVERSION = YES;
				CLANG_WARN_DEPRECATED_OBJC_IMPLEMENTATIONS = YES;
				CLANG_WARN_DIRECT_OBJC_ISA_USAGE = YES_ERROR;
				CLANG_WARN_DOCUMENTATION_COMMENTS = YES;
				CLANG_WARN_EMPTY_BODY = YES;
				CLANG_WARN_ENUM_CONVERSION = YES;
				CLANG_WARN_INFINITE_RECURSION = YES;
				CLANG_WARN_INT_CONVERSION = YES;
				CLANG_WARN_NON_LITERAL_NULL_CONVERSION = YES;
				CLANG_WARN_OBJC_IMPLICIT_RETAIN_SELF = YES;
				CLANG_WARN_OBJC_LITERAL_CONVERSION = YES;
				CLANG_WARN_OBJC_ROOT_CLASS = YES_ERROR;
				CLANG_WARN_QUOTED_INCLUDE_IN_FRAMEWORK_HEADER = YES;
				CLANG_WARN_RANGE_LOOP_ANALYSIS = YES;
				CLANG_WARN_STRICT_PROTOTYPES = YES;
				CLANG_WARN_SUSPICIOUS_MOVE = YES;
				CLANG_WARN_UNGUARDED_AVAILABILITY = YES_AGGRESSIVE;
				CLANG_WARN_UNREACHABLE_CODE = YES;
				CLANG_WARN__DUPLICATE_METHOD_MATCH = YES;
				COPY_PHASE_STRIP = NO;
				DEBUG_INFORMATION_FORMAT = "dwarf-with-dsym";
				ENABLE_NS_ASSERTIONS = NO;
				ENABLE_STRICT_OBJC_MSGSEND = YES;
				GCC_C_LANGUAGE_STANDARD = gnu11;
				GCC_NO_COMMON_BLOCKS = YES;
				GCC_WARN_64_TO_32_BIT_CONVERSION = YES;
				GCC_WARN_ABOUT_RETURN_TYPE = YES_ERROR;
				GCC_WARN_UNDECLARED_SELECTOR = YES;
				GCC_WARN_UNINITIALIZED_AUTOS = YES_AGGRESSIVE;
				GCC_WARN_UNUSED_FUNCTION = YES;
				GCC_WARN_UNUSED_VARIABLE = YES;
				IPHONEOS_DEPLOYMENT_TARGET = 14.2;
				MTL_ENABLE_DEBUG_INFO = NO;
				MTL_FAST_MATH = YES;
				SDKROOT = iphoneos;
				VALIDATE_PRODUCT = YES;
			};
			name = Release;
		};
		1CE677EE256B67FE001F2129 /* Debug */ = {
			isa = XCBuildConfiguration;
			baseConfigurationReference = D5149BB33773A152215D063A /* Pods-Test_socket.debug.xcconfig */;
			buildSettings = {
				ASSETCATALOG_COMPILER_APPICON_NAME = AppIcon;
				ASSETCATALOG_COMPILER_GLOBAL_ACCENT_COLOR_NAME = AccentColor;
				CODE_SIGN_STYLE = Automatic;
				INFOPLIST_FILE = Test_socket/Info.plist;
				LD_RUNPATH_SEARCH_PATHS = (
					"$(inherited)",
					"@executable_path/Frameworks",
				);
				PRODUCT_BUNDLE_IDENTIFIER = "com.test.wss.Test-socket";
				PRODUCT_NAME = "$(TARGET_NAME)";
				TARGETED_DEVICE_FAMILY = "1,2";
			};
			name = Debug;
		};
		1CE677EF256B67FE001F2129 /* Release */ = {
			isa = XCBuildConfiguration;
			baseConfigurationReference = 8D1D487BF77BC47B8A340BB5 /* Pods-Test_socket.release.xcconfig */;
			buildSettings = {
				ASSETCATALOG_COMPILER_APPICON_NAME = AppIcon;
				ASSETCATALOG_COMPILER_GLOBAL_ACCENT_COLOR_NAME = AccentColor;
				CODE_SIGN_STYLE = Automatic;
				INFOPLIST_FILE = Test_socket/Info.plist;
				LD_RUNPATH_SEARCH_PATHS = (
					"$(inherited)",
					"@executable_path/Frameworks",
				);
				PRODUCT_BUNDLE_IDENTIFIER = "com.test.wss.Test-socket";
				PRODUCT_NAME = "$(TARGET_NAME)";
				TARGETED_DEVICE_FAMILY = "1,2";
			};
			name = Release;
		};
/* End XCBuildConfiguration section */

/* Begin XCConfigurationList section */
		1CE677CF256B67FD001F2129 /* Build configuration list for PBXProject "Test_socket" */ = {
			isa = XCConfigurationList;
			buildConfigurations = (
				1CE677EB256B67FE001F2129 /* Debug */,
				1CE677EC256B67FE001F2129 /* Release */,
			);
			defaultConfigurationIsVisible = 0;
			defaultConfigurationName = Release;
		};
		1CE677ED256B67FE001F2129 /* Build configuration list for PBXNativeTarget "Test_socket" */ = {
			isa = XCConfigurationList;
			buildConfigurations = (
				1CE677EE256B67FE001F2129 /* Debug */,
				1CE677EF256B67FE001F2129 /* Release */,
			);
			defaultConfigurationIsVisible = 0;
			defaultConfigurationName = Release;
		};
/* End XCConfigurationList section */
	};
	rootObject = 1CE677CC256B67FD001F2129 /* Project object */;
}
